
Microsoft Visual Studio Solution File, Format Version 10.00
# Visual C# Express 2008
Project("{FAE04EC0-301F-11D3-BF4B-00C04F79EFBC}") = "DiffPic", "DiffPic.csproj", "{B8A29BC8-9350-4DFE-96EE-F7C0A0115EB1}"
EndProject
Global
	GlobalSection(SolutionConfigurationPlatforms) = preSolution
		Debug|Any CPU = Debug|Any CPU
		Release|Any CPU = Release|Any CPU
	EndGlobalSection
	GlobalSection(ProjectConfigurationPlatforms) = postSolution
		{B8A29BC8-9350-4DFE-96EE-F7C0A0115EB1}.Debug|Any CPU.ActiveCfg = Debug|Any CPU
		{B8A29BC8-9350-4DFE-96EE-F7C0A0115EB1}.Debug|Any CPU.Build.0 = Debug|Any CPU
		{B8A29BC8-9350-4DFE-96EE-F7C0A0115EB1}.Release|Any CPU.ActiveCfg = Release|Any CPU
		{B8A29BC8-9350-4DFE-96EE-F7C0A0115EB1}.Release|Any CPU.Build.0 = Release|Any CPU
	EndGlobalSection
	GlobalSection(SolutionProperties) = preSolution
		HideSolutionNode = FALSE
	EndGlobalSection
EndGlobal
